
Microsoft Visual Studio Solution File, Format Version 12.00
# Visual Studio Version 17
VisualStudioVersion = 17.3.32929.385
MinimumVisualStudioVersion = 10.0.40219.1
Project("{FAE04EC0-301F-11D3-BF4B-00C04F79EFBC}") = "Lab10", "Lab10.csproj", "{D8B6145E-21A8-4690-AD2B-11651914F807}"
EndProject
Project("{FAE04EC0-301F-11D3-BF4B-00C04F79EFBC}") = "ClassLibraryLab10", "..\ClassLibraryLab10\ClassLibraryLab10.csproj", "{12DD3ACA-8A3D-450B-A270-917C132E0134}"
EndProject
Project("{FAE04EC0-301F-11D3-BF4B-00C04F79EFBC}") = "TestLab10", "..\TestLab10\TestLab10.csproj", "{56274EE0-4C3B-451B-B37E-69871189E88B}"
EndProject
Global
	GlobalSection(SolutionConfigurationPlatforms) = preSolution
		Debug|Any CPU = Debug|Any CPU
		Release|Any CPU = Release|Any CPU
	EndGlobalSection
	GlobalSection(ProjectConfigurationPlatforms) = postSolution
		{D8B6145E-21A8-4690-AD2B-11651914F807}.Debug|Any CPU.ActiveCfg = Debug|Any CPU
		{D8B6145E-21A8-4690-AD2B-11651914F807}.Debug|Any CPU.Build.0 = Debug|Any CPU
		{D8B6145E-21A8-4690-AD2B-11651914F807}.Release|Any CPU.ActiveCfg = Release|Any CPU
		{D8B6145E-21A8-4690-AD2B-11651914F807}.Release|Any CPU.Build.0 = Release|Any CPU
		{12DD3ACA-8A3D-450B-A270-917C132E0134}.Debug|Any CPU.ActiveCfg = Debug|Any CPU
		{12DD3ACA-8A3D-450B-A270-917C132E0134}.Debug|Any CPU.Build.0 = Debug|Any CPU
		{12DD3ACA-8A3D-450B-A270-917C132E0134}.Release|Any CPU.ActiveCfg = Release|Any CPU
		{12DD3ACA-8A3D-450B-A270-917C132E0134}.Release|Any CPU.Build.0 = Release|Any CPU
		{56274EE0-4C3B-451B-B37E-69871189E88B}.Debug|Any CPU.ActiveCfg = Debug|Any CPU
		{56274EE0-4C3B-451B-B37E-69871189E88B}.Debug|Any CPU.Build.0 = Debug|Any CPU
		{56274EE0-4C3B-451B-B37E-69871189E88B}.Release|Any CPU.ActiveCfg = Release|Any CPU
		{56274EE0-4C3B-451B-B37E-69871189E88B}.Release|Any CPU.Build.0 = Release|Any CPU
	EndGlobalSection
	GlobalSection(SolutionProperties) = preSolution
		HideSolutionNode = FALSE
	EndGlobalSection
	GlobalSection(ExtensibilityGlobals) = postSolution
		SolutionGuid = {9513AC51-699E-459B-A5C1-81BEF2422710}
	EndGlobalSection
EndGlobal
